
Microsoft Visual Studio Solution File, Format Version 12.00
# Visual Studio Version 17
VisualStudioVersion = 17.1.32407.343
MinimumVisualStudioVersion = 10.0.40219.1
Project("{FAE04EC0-301F-11D3-BF4B-00C04F79EFBC}") = "Variables", "Variables\Variables.csproj", "{2E87D08A-B41F-4287-B86A-43C339D33ADE}"
EndProject
Global
	GlobalSection(SolutionConfigurationPlatforms) = preSolution
		Debug|Any CPU = Debug|Any CPU
		Release|Any CPU = Release|Any CPU
	EndGlobalSection
	GlobalSection(ProjectConfigurationPlatforms) = postSolution
		{2E87D08A-B41F-4287-B86A-43C339D33ADE}.Debug|Any CPU.ActiveCfg = Debug|Any CPU
		{2E87D08A-B41F-4287-B86A-43C339D33ADE}.Debug|Any CPU.Build.0 = Debug|Any CPU
		{2E87D08A-B41F-4287-B86A-43C339D33ADE}.Release|Any CPU.ActiveCfg = Release|Any CPU
		{2E87D08A-B41F-4287-B86A-43C339D33ADE}.Release|Any CPU.Build.0 = Release|Any CPU
	EndGlobalSection
	GlobalSection(SolutionProperties) = preSolution
		HideSolutionNode = FALSE
	EndGlobalSection
	GlobalSection(ExtensibilityGlobals) = postSolution
		SolutionGuid = {49E56DA3-1DDD-4B67-8B9B-6EC80BEE35F5}
	EndGlobalSection
EndGlobal
